
Microsoft Visual Studio Solution File, Format Version 12.00
# Visual Studio 14
VisualStudioVersion = 14.0.25420.1
MinimumVisualStudioVersion = 10.0.40219.1
Project("{FAE04EC0-301F-11D3-BF4B-00C04F79EFBC}") = "MVCMonsoon7amBatch23sep", "MVCMonsoon7amBatch23sep\MVCMonsoon7amBatch23sep.csproj", "{BE1E1081-0995-4187-AE21-8FEB95DDFD1E}"
EndProject
Global
	GlobalSection(SolutionConfigurationPlatforms) = preSolution
		Debug|Any CPU = Debug|Any CPU
		Release|Any CPU = Release|Any CPU
	EndGlobalSection
	GlobalSection(ProjectConfigurationPlatforms) = postSolution
		{BE1E1081-0995-4187-AE21-8FEB95DDFD1E}.Debug|Any CPU.ActiveCfg = Debug|Any CPU
		{BE1E1081-0995-4187-AE21-8FEB95DDFD1E}.Debug|Any CPU.Build.0 = Debug|Any CPU
		{BE1E1081-0995-4187-AE21-8FEB95DDFD1E}.Release|Any CPU.ActiveCfg = Release|Any CPU
		{BE1E1081-0995-4187-AE21-8FEB95DDFD1E}.Release|Any CPU.Build.0 = Release|Any CPU
	EndGlobalSection
	GlobalSection(SolutionProperties) = preSolution
		HideSolutionNode = FALSE
	EndGlobalSection
EndGlobal
